
Microsoft Visual Studio Solution File, Format Version 12.00
# Visual Studio 15
VisualStudioVersion = 15.0.26228.9
MinimumVisualStudioVersion = 10.0.40219.1
Project("{FAE04EC0-301F-11D3-BF4B-00C04F79EFBC}") = "EobotAPI", "EobotAPI\EobotAPI.csproj", "{D6E5C6CE-3756-453C-AEEF-F708E9CDAD5F}"
EndProject
Project("{FAE04EC0-301F-11D3-BF4B-00C04F79EFBC}") = "EobotManager", "EobotManager\EobotManager.csproj", "{5D3DC272-B199-4264-9812-AAF4D4E58513}"
EndProject
Project("{FAE04EC0-301F-11D3-BF4B-00C04F79EFBC}") = "Demo", "Demo\Demo.csproj", "{E925CE45-573B-48BF-B48C-EFDE90477F2A}"
EndProject
Global
	GlobalSection(SolutionConfigurationPlatforms) = preSolution
		Ad-Hoc|Any CPU = Ad-Hoc|Any CPU
		Ad-Hoc|ARM = Ad-Hoc|ARM
		Ad-Hoc|iPhone = Ad-Hoc|iPhone
		Ad-Hoc|iPhoneSimulator = Ad-Hoc|iPhoneSimulator
		Ad-Hoc|x64 = Ad-Hoc|x64
		Ad-Hoc|x86 = Ad-Hoc|x86
		AppStore|Any CPU = AppStore|Any CPU
		AppStore|ARM = AppStore|ARM
		AppStore|iPhone = AppStore|iPhone
		AppStore|iPhoneSimulator = AppStore|iPhoneSimulator
		AppStore|x64 = AppStore|x64
		AppStore|x86 = AppStore|x86
		Debug|Any CPU = Debug|Any CPU
		Debug|ARM = Debug|ARM
		Debug|iPhone = Debug|iPhone
		Debug|iPhoneSimulator = Debug|iPhoneSimulator
		Debug|x64 = Debug|x64
		Debug|x86 = Debug|x86
		Release|Any CPU = Release|Any CPU
		Release|ARM = Release|ARM
		Release|iPhone = Release|iPhone
		Release|iPhoneSimulator = Release|iPhoneSimulator
		Release|x64 = Release|x64
		Release|x86 = Release|x86
	EndGlobalSection
	GlobalSection(ProjectConfigurationPlatforms) = postSolution
		{D6E5C6CE-3756-453C-AEEF-F708E9CDAD5F}.Ad-Hoc|Any CPU.ActiveCfg = Release|Any CPU
		{D6E5C6CE-3756-453C-AEEF-F708E9CDAD5F}.Ad-Hoc|Any CPU.Build.0 = Release|Any CPU
		{D6E5C6CE-3756-453C-AEEF-F708E9CDAD5F}.Ad-Hoc|ARM.ActiveCfg = Release|Any CPU
		{D6E5C6CE-3756-453C-AEEF-F708E9CDAD5F}.Ad-Hoc|ARM.Build.0 = Release|Any CPU
		{D6E5C6CE-3756-453C-AEEF-F708E9CDAD5F}.Ad-Hoc|iPhone.ActiveCfg = Release|Any CPU
		{D6E5C6CE-3756-453C-AEEF-F708E9CDAD5F}.Ad-Hoc|iPhone.Build.0 = Release|Any CPU
		{D6E5C6CE-3756-453C-AEEF-F708E9CDAD5F}.Ad-Hoc|iPhoneSimulator.ActiveCfg = Release|Any CPU
		{D6E5C6CE-3756-453C-AEEF-F708E9CDAD5F}.Ad-Hoc|iPhoneSimulator.Build.0 = Release|Any CPU
		{D6E5C6CE-3756-453C-AEEF-F708E9CDAD5F}.Ad-Hoc|x64.ActiveCfg = Release|Any CPU
		{D6E5C6CE-3756-453C-AEEF-F708E9CDAD5F}.Ad-Hoc|x64.Build.0 = Release|Any CPU
		{D6E5C6CE-3756-453C-AEEF-F708E9CDAD5F}.Ad-Hoc|x86.ActiveCfg = Release|Any CPU
		{D6E5C6CE-3756-453C-AEEF-F708E9CDAD5F}.Ad-Hoc|x86.Build.0 = Release|Any CPU
		{D6E5C6CE-3756-453C-AEEF-F708E9CDAD5F}.AppStore|Any CPU.ActiveCfg = Release|Any CPU
		{D6E5C6CE-3756-453C-AEEF-F708E9CDAD5F}.AppStore|Any CPU.Build.0 = Release|Any CPU
		{D6E5C6CE-3756-453C-AEEF-F708E9CDAD5F}.AppStore|ARM.ActiveCfg = Release|Any CPU
		{D6E5C6CE-3756-453C-AEEF-F708E9CDAD5F}.AppStore|ARM.Build.0 = Release|Any CPU
		{D6E5C6CE-3756-453C-AEEF-F708E9CDAD5F}.AppStore|iPhone.ActiveCfg = Release|Any CPU
		{D6E5C6CE-3756-453C-AEEF-F708E9CDAD5F}.AppStore|iPhone.Build.0 = Release|Any CPU
		{D6E5C6CE-3756-453C-AEEF-F708E9CDAD5F}.AppStore|iPhoneSimulator.ActiveCfg = Release|Any CPU
		{D6E5C6CE-3756-453C-AEEF-F708E9CDAD5F}.AppStore|iPhoneSimulator.Build.0 = Release|Any CPU
		{D6E5C6CE-3756-453C-AEEF-F708E9CDAD5F}.AppStore|x64.ActiveCfg = Release|Any CPU
		{D6E5C6CE-3756-453C-AEEF-F708E9CDAD5F}.AppStore|x64.Build.0 = Release|Any CPU
		{D6E5C6CE-3756-453C-AEEF-F708E9CDAD5F}.AppStore|x86.ActiveCfg = Release|Any CPU
		{D6E5C6CE-3756-453C-AEEF-F708E9CDAD5F}.AppStore|x86.Build.0 = Release|Any CPU
		{D6E5C6CE-3756-453C-AEEF-F708E9CDAD5F}.Debug|Any CPU.ActiveCfg = Debug|Any CPU
		{D6E5C6CE-3756-453C-AEEF-F708E9CDAD5F}.Debug|Any CPU.Build.0 = Debug|Any CPU
		{D6E5C6CE-3756-453C-AEEF-F708E9CDAD5F}.Debug|ARM.ActiveCfg = Debug|Any CPU
		{D6E5C6CE-3756-453C-AEEF-F708E9CDAD5F}.Debug|ARM.Build.0 = Debug|Any CPU
		{D6E5C6CE-3756-453C-AEEF-F708E9CDAD5F}.Debug|iPhone.ActiveCfg = Debug|Any CPU
		{D6E5C6CE-3756-453C-AEEF-F708E9CDAD5F}.Debug|iPhone.Build.0 = Debug|Any CPU
		{D6E5C6CE-3756-453C-AEEF-F708E9CDAD5F}.Debug|iPhoneSimulator.ActiveCfg = Debug|Any CPU
		{D6E5C6CE-3756-453C-AEEF-F708E9CDAD5F}.Debug|iPhoneSimulator.Build.0 = Debug|Any CPU
		{D6E5C6CE-3756-453C-AEEF-F708E9CDAD5F}.Debug|x64.ActiveCfg = Debug|Any CPU
		{D6E5C6CE-3756-453C-AEEF-F708E9CDAD5F}.Debug|x64.Build.0 = Debug|Any CPU
		{D6E5C6CE-3756-453C-AEEF-F708E9CDAD5F}.Debug|x86.ActiveCfg = Debug|Any CPU
		{D6E5C6CE-3756-453C-AEEF-F708E9CDAD5F}.Debug|x86.Build.0 = Debug|Any CPU
		{D6E5C6CE-3756-453C-AEEF-F708E9CDAD5F}.Release|Any CPU.ActiveCfg = Release|Any CPU
		{D6E5C6CE-3756-453C-AEEF-F708E9CDAD5F}.Release|Any CPU.Build.0 = Release|Any CPU
		{D6E5C6CE-3756-453C-AEEF-F708E9CDAD5F}.Release|ARM.ActiveCfg = Release|Any CPU
		{D6E5C6CE-3756-453C-AEEF-F708E9CDAD5F}.Release|ARM.Build.0 = Release|Any CPU
		{D6E5C6CE-3756-453C-AEEF-F708E9CDAD5F}.Release|iPhone.ActiveCfg = Release|Any CPU
		{D6E5C6CE-3756-453C-AEEF-F708E9CDAD5F}.Release|iPhone.Build.0 = Release|Any CPU
		{D6E5C6CE-3756-453C-AEEF-F708E9CDAD5F}.Release|iPhoneSimulator.ActiveCfg = Release|Any CPU
		{D6E5C6CE-3756-453C-AEEF-F708E9CDAD5F}.Release|iPhoneSimulator.Build.0 = Release|Any CPU
		{D6E5C6CE-3756-453C-AEEF-F708E9CDAD5F}.Release|x64.ActiveCfg = Release|Any CPU
		{D6E5C6CE-3756-453C-AEEF-F708E9CDAD5F}.Release|x64.Build.0 = Release|Any CPU
		{D6E5C6CE-3756-453C-AEEF-F708E9CDAD5F}.Release|x86.ActiveCfg = Release|Any CPU
		{D6E5C6CE-3756-453C-AEEF-F708E9CDAD5F}.Release|x86.Build.0 = Release|Any CPU
		{5D3DC272-B199-4264-9812-AAF4D4E58513}.Ad-Hoc|Any CPU.ActiveCfg = Release|Any CPU
		{5D3DC272-B199-4264-9812-AAF4D4E58513}.Ad-Hoc|Any CPU.Build.0 = Release|Any CPU
		{5D3DC272-B199-4264-9812-AAF4D4E58513}.Ad-Hoc|ARM.ActiveCfg = Release|Any CPU
		{5D3DC272-B199-4264-9812-AAF4D4E58513}.Ad-Hoc|ARM.Build.0 = Release|Any CPU
		{5D3DC272-B199-4264-9812-AAF4D4E58513}.Ad-Hoc|iPhone.ActiveCfg = Release|Any CPU
		{5D3DC272-B199-4264-9812-AAF4D4E58513}.Ad-Hoc|iPhone.Build.0 = Release|Any CPU
		{5D3DC272-B199-4264-9812-AAF4D4E58513}.Ad-Hoc|iPhoneSimulator.ActiveCfg = Release|Any CPU
		{5D3DC272-B199-4264-9812-AAF4D4E58513}.Ad-Hoc|iPhoneSimulator.Build.0 = Release|Any CPU
		{5D3DC272-B199-4264-9812-AAF4D4E58513}.Ad-Hoc|x64.ActiveCfg = Release|Any CPU
		{5D3DC272-B199-4264-9812-AAF4D4E58513}.Ad-Hoc|x64.Build.0 = Release|Any CPU
		{5D3DC272-B199-4264-9812-AAF4D4E58513}.Ad-Hoc|x86.ActiveCfg = Release|Any CPU
		{5D3DC272-B199-4264-9812-AAF4D4E58513}.Ad-Hoc|x86.Build.0 = Release|Any CPU
		{5D3DC272-B199-4264-9812-AAF4D4E58513}.AppStore|Any CPU.ActiveCfg = Release|Any CPU
		{5D3DC272-B199-4264-9812-AAF4D4E58513}.AppStore|Any CPU.Build.0 = Release|Any CPU
		{5D3DC272-B199-4264-9812-AAF4D4E58513}.AppStore|ARM.ActiveCfg = Release|Any CPU
		{5D3DC272-B199-4264-9812-AAF4D4E58513}.AppStore|ARM.Build.0 = Release|Any CPU
		{5D3DC272-B199-4264-9812-AAF4D4E58513}.AppStore|iPhone.ActiveCfg = Release|Any CPU
		{5D3DC272-B199-4264-9812-AAF4D4E58513}.AppStore|iPhone.Build.0 = Release|Any CPU
		{5D3DC272-B199-4264-9812-AAF4D4E58513}.AppStore|iPhoneSimulator.ActiveCfg = Release|Any CPU
		{5D3DC272-B199-4264-9812-AAF4D4E58513}.AppStore|iPhoneSimulator.Build.0 = Release|Any CPU
		{5D3DC272-B199-4264-9812-AAF4D4E58513}.AppStore|x64.ActiveCfg = Release|Any CPU
		{5D3DC272-B199-4264-9812-AAF4D4E58513}.AppStore|x64.Build.0 = Release|Any CPU
		{5D3DC272-B199-4264-9812-AAF4D4E58513}.AppStore|x86.ActiveCfg = Release|Any CPU
		{5D3DC272-B199-4264-9812-AAF4D4E58513}.AppStore|x86.Build.0 = Release|Any CPU
		{5D3DC272-B199-4264-9812-AAF4D4E58513}.Debug|Any CPU.ActiveCfg = Debug|Any CPU
		{5D3DC272-B199-4264-9812-AAF4D4E58513}.Debug|Any CPU.Build.0 = Debug|Any CPU
		{5D3DC272-B199-4264-9812-AAF4D4E58513}.Debug|ARM.ActiveCfg = Debug|Any CPU
		{5D3DC272-B199-4264-9812-AAF4D4E58513}.Debug|ARM.Build.0 = Debug|Any CPU
		{5D3DC272-B199-4264-9812-AAF4D4E58513}.Debug|iPhone.ActiveCfg = Debug|Any CPU
		{5D3DC272-B199-4264-9812-AAF4D4E58513}.Debug|iPhone.Build.0 = Debug|Any CPU
		{5D3DC272-B199-4264-9812-AAF4D4E58513}.Debug|iPhoneSimulator.ActiveCfg = Debug|Any CPU
		{5D3DC272-B199-4264-9812-AAF4D4E58513}.Debug|iPhoneSimulator.Build.0 = Debug|Any CPU
		{5D3DC272-B199-4264-9812-AAF4D4E58513}.Debug|x64.ActiveCfg = Debug|Any CPU
		{5D3DC272-B199-4264-9812-AAF4D4E58513}.Debug|x64.Build.0 = Debug|Any CPU
		{5D3DC272-B199-4264-9812-AAF4D4E58513}.Debug|x86.ActiveCfg = Debug|Any CPU
		{5D3DC272-B199-4264-9812-AAF4D4E58513}.Debug|x86.Build.0 = Debug|Any CPU
		{5D3DC272-B199-4264-9812-AAF4D4E58513}.Release|Any CPU.ActiveCfg = Release|Any CPU
		{5D3DC272-B199-4264-9812-AAF4D4E58513}.Release|Any CPU.Build.0 = Release|Any CPU
		{5D3DC272-B199-4264-9812-AAF4D4E58513}.Release|ARM.ActiveCfg = Release|Any CPU
		{5D3DC272-B199-4264-9812-AAF4D4E58513}.Release|ARM.Build.0 = Release|Any CPU
		{5D3DC272-B199-4264-9812-AAF4D4E58513}.Release|iPhone.ActiveCfg = Release|Any CPU
		{5D3DC272-B199-4264-9812-AAF4D4E58513}.Release|iPhone.Build.0 = Release|Any CPU
		{5D3DC272-B199-4264-9812-AAF4D4E58513}.Release|iPhoneSimulator.ActiveCfg = Release|Any CPU
		{5D3DC272-B199-4264-9812-AAF4D4E58513}.Release|iPhoneSimulator.Build.0 = Release|Any CPU
		{5D3DC272-B199-4264-9812-AAF4D4E58513}.Release|x64.ActiveCfg = Release|Any CPU
		{5D3DC272-B199-4264-9812-AAF4D4E58513}.Release|x64.Build.0 = Release|Any CPU
		{5D3DC272-B199-4264-9812-AAF4D4E58513}.Release|x86.ActiveCfg = Release|Any CPU
		{5D3DC272-B199-4264-9812-AAF4D4E58513}.Release|x86.Build.0 = Release|Any CPU
		{E925CE45-573B-48BF-B48C-EFDE90477F2A}.Ad-Hoc|Any CPU.ActiveCfg = Release|Any CPU
		{E925CE45-573B-48BF-B48C-EFDE90477F2A}.Ad-Hoc|Any CPU.Build.0 = Release|Any CPU
		{E925CE45-573B-48BF-B48C-EFDE90477F2A}.Ad-Hoc|ARM.ActiveCfg = Release|Any CPU
		{E925CE45-573B-48BF-B48C-EFDE90477F2A}.Ad-Hoc|ARM.Build.0 = Release|Any CPU
		{E925CE45-573B-48BF-B48C-EFDE90477F2A}.Ad-Hoc|iPhone.ActiveCfg = Release|Any CPU
		{E925CE45-573B-48BF-B48C-EFDE90477F2A}.Ad-Hoc|iPhone.Build.0 = Release|Any CPU
		{E925CE45-573B-48BF-B48C-EFDE90477F2A}.Ad-Hoc|iPhoneSimulator.ActiveCfg = Release|Any CPU
		{E925CE45-573B-48BF-B48C-EFDE90477F2A}.Ad-Hoc|iPhoneSimulator.Build.0 = Release|Any CPU
		{E925CE45-573B-48BF-B48C-EFDE90477F2A}.Ad-Hoc|x64.ActiveCfg = Release|Any CPU
		{E925CE45-573B-48BF-B48C-EFDE90477F2A}.Ad-Hoc|x64.Build.0 = Release|Any CPU
		{E925CE45-573B-48BF-B48C-EFDE90477F2A}.Ad-Hoc|x86.ActiveCfg = Release|Any CPU
		{E925CE45-573B-48BF-B48C-EFDE90477F2A}.Ad-Hoc|x86.Build.0 = Release|Any CPU
		{E925CE45-573B-48BF-B48C-EFDE90477F2A}.AppStore|Any CPU.ActiveCfg = Release|Any CPU
		{E925CE45-573B-48BF-B48C-EFDE90477F2A}.AppStore|Any CPU.Build.0 = Release|Any CPU
		{E925CE45-573B-48BF-B48C-EFDE90477F2A}.AppStore|ARM.ActiveCfg = Release|Any CPU
		{E925CE45-573B-48BF-B48C-EFDE90477F2A}.AppStore|ARM.Build.0 = Release|Any CPU
		{E925CE45-573B-48BF-B48C-EFDE90477F2A}.AppStore|iPhone.ActiveCfg = Release|Any CPU
		{E925CE45-573B-48BF-B48C-EFDE90477F2A}.AppStore|iPhone.Build.0 = Release|Any CPU
		{E925CE45-573B-48BF-B48C-EFDE90477F2A}.AppStore|iPhoneSimulator.ActiveCfg = Release|Any CPU
		{E925CE45-573B-48BF-B48C-EFDE90477F2A}.AppStore|iPhoneSimulator.Build.0 = Release|Any CPU
		{E925CE45-573B-48BF-B48C-EFDE90477F2A}.AppStore|x64.ActiveCfg = Release|Any CPU
		{E925CE45-573B-48BF-B48C-EFDE90477F2A}.AppStore|x64.Build.0 = Release|Any CPU
		{E925CE45-573B-48BF-B48C-EFDE90477F2A}.AppStore|x86.ActiveCfg = Release|Any CPU
		{E925CE45-573B-48BF-B48C-EFDE90477F2A}.AppStore|x86.Build.0 = Release|Any CPU
		{E925CE45-573B-48BF-B48C-EFDE90477F2A}.Debug|Any CPU.ActiveCfg = Debug|Any CPU
		{E925CE45-573B-48BF-B48C-EFDE90477F2A}.Debug|Any CPU.Build.0 = Debug|Any CPU
		{E925CE45-573B-48BF-B48C-EFDE90477F2A}.Debug|ARM.ActiveCfg = Debug|Any CPU
		{E925CE45-573B-48BF-B48C-EFDE90477F2A}.Debug|ARM.Build.0 = Debug|Any CPU
		{E925CE45-573B-48BF-B48C-EFDE90477F2A}.Debug|iPhone.ActiveCfg = Debug|Any CPU
		{E925CE45-573B-48BF-B48C-EFDE90477F2A}.Debug|iPhone.Build.0 = Debug|Any CPU
		{E925CE45-573B-48BF-B48C-EFDE90477F2A}.Debug|iPhoneSimulator.ActiveCfg = Debug|Any CPU
		{E925CE45-573B-48BF-B48C-EFDE90477F2A}.Debug|iPhoneSimulator.Build.0 = Debug|Any CPU
		{E925CE45-573B-48BF-B48C-EFDE90477F2A}.Debug|x64.ActiveCfg = Debug|Any CPU
		{E925CE45-573B-48BF-B48C-EFDE90477F2A}.Debug|x64.Build.0 = Debug|Any CPU
		{E925CE45-573B-48BF-B48C-EFDE90477F2A}.Debug|x86.ActiveCfg = Debug|Any CPU
		{E925CE45-573B-48BF-B48C-EFDE90477F2A}.Debug|x86.Build.0 = Debug|Any CPU
		{E925CE45-573B-48BF-B48C-EFDE90477F2A}.Release|Any CPU.ActiveCfg = Release|Any CPU
		{E925CE45-573B-48BF-B48C-EFDE90477F2A}.Release|Any CPU.Build.0 = Release|Any CPU
		{E925CE45-573B-48BF-B48C-EFDE90477F2A}.Release|ARM.ActiveCfg = Release|Any CPU
		{E925CE45-573B-48BF-B48C-EFDE90477F2A}.Release|ARM.Build.0 = Release|Any CPU
		{E925CE45-573B-48BF-B48C-EFDE90477F2A}.Release|iPhone.ActiveCfg = Release|Any CPU
		{E925CE45-573B-48BF-B48C-EFDE90477F2A}.Release|iPhone.Build.0 = Release|Any CPU
		{E925CE45-573B-48BF-B48C-EFDE90477F2A}.Release|iPhoneSimulator.ActiveCfg = Release|Any CPU
		{E925CE45-573B-48BF-B48C-EFDE90477F2A}.Release|iPhoneSimulator.Build.0 = Release|Any CPU
		{E925CE45-573B-48BF-B48C-EFDE90477F2A}.Release|x64.ActiveCfg = Release|Any CPU
		{E925CE45-573B-48BF-B48C-EFDE90477F2A}.Release|x64.Build.0 = Release|Any CPU
		{E925CE45-573B-48BF-B48C-EFDE90477F2A}.Release|x86.ActiveCfg = Release|Any CPU
		{E925CE45-573B-48BF-B48C-EFDE90477F2A}.Release|x86.Build.0 = Release|Any CPU
	EndGlobalSection
	GlobalSection(SolutionProperties) = preSolution
		HideSolutionNode = FALSE
	EndGlobalSection
EndGlobal
